{
  "name": "guidoeditorweb",
  "version": "1.0.0",
  "lockfileVersion": 2,
  "requires": true,
  "packages": {
    "": {
      "name": "guidoeditorweb",
      "version": "1.0.0",
      "license": "GPL-3.0-or-later",
      "dependencies": {
        "@grame/guidolib": "^1.7.3",
        "@grame/libmusicxml": "^3.19.1",
        "@types/codemirror": "5.60.5",
        "@types/jquery": "^3.5.10",
        "@types/node": "^16.11.12",
        "bootstrap": "^3.4.0",
        "codemirror": "^5.64.0",
        "css-loader": "^6.5.1",
        "directory-tree": "^2.2.4",
        "jquery": ">=3.6.0",
        "minify": "^8.0.3"
      }
    },
    "node_modules/@grame/guidolib": {
      "version": "1.7.3",
      "resolved": "https://registry.npmjs.org/@grame/guidolib/-/guidolib-1.7.3.tgz",
      "integrity": "sha512-V8fazYz5wUaY9t8eL/qcmELdSNqsU7F8dXAV/NX3OPvNXUCCshDCEn/4CE9CVSR41D1bzLysQudAnCruLDM4zg=="
    },
    "node_modules/@grame/libmusicxml": {
      "version": "3.19.1",
      "license": "MPL-2.0"
    },
    "node_modules/@types/codemirror": {
      "version": "5.60.5",
      "license": "MIT",
      "dependencies": {
        "@types/tern": "*"
      }
    },
    "node_modules/@types/estree": {
      "version": "0.0.50",
      "license": "MIT"
    },
    "node_modules/@types/jquery": {
      "version": "3.5.10",
      "license": "MIT",
      "dependencies": {
        "@types/sizzle": "*"
      }
    },
    "node_modules/@types/node": {
      "version": "16.11.12",
      "license": "MIT"
    },
    "node_modules/@types/sizzle": {
      "version": "2.3.3",
      "license": "MIT"
    },
    "node_modules/@types/tern": {
      "version": "0.23.3",
      "license": "MIT",
      "dependencies": {
        "@types/estree": "*"
      }
    },
    "node_modules/bootstrap": {
      "version": "3.4.1",
      "license": "MIT",
      "engines": {
        "node": ">=6"
      }
    },
    "node_modules/buffer-from": {
      "version": "1.1.2",
      "license": "MIT"
    },
    "node_modules/camel-case": {
      "version": "4.1.2",
      "license": "MIT",
      "dependencies": {
        "pascal-case": "^3.1.2",
        "tslib": "^2.0.3"
      }
    },
    "node_modules/camel-case/node_modules/tslib": {
      "version": "2.3.1",
      "license": "0BSD"
    },
    "node_modules/clean-css": {
      "version": "5.2.2",
      "license": "MIT",
      "dependencies": {
        "source-map": "~0.6.0"
      },
      "engines": {
        "node": ">= 10.0"
      }
    },
    "node_modules/codemirror": {
      "version": "5.64.0",
      "license": "MIT"
    },
    "node_modules/commander": {
      "version": "8.3.0",
      "license": "MIT",
      "engines": {
        "node": ">= 12"
      }
    },
    "node_modules/css-b64-images": {
      "version": "0.2.5",
      "bin": {
        "css-b64-images": "bin/css-b64-images"
      },
      "engines": {
        "node": "*"
      }
    },
    "node_modules/css-loader": {
      "version": "6.5.1",
      "license": "MIT",
      "dependencies": {
        "icss-utils": "^5.1.0",
        "postcss": "^8.2.15",
        "postcss-modules-extract-imports": "^3.0.0",
        "postcss-modules-local-by-default": "^4.0.0",
        "postcss-modules-scope": "^3.0.0",
        "postcss-modules-values": "^4.0.0",
        "postcss-value-parser": "^4.1.0",
        "semver": "^7.3.5"
      },
      "engines": {
        "node": ">= 12.13.0"
      },
      "funding": {
        "type": "opencollective",
        "url": "https://opencollective.com/webpack"
      },
      "peerDependencies": {
        "webpack": "^5.0.0"
      }
    },
    "node_modules/cssesc": {
      "version": "3.0.0",
      "license": "MIT",
      "bin": {
        "cssesc": "bin/cssesc"
      },
      "engines": {
        "node": ">=4"
      }
    },
    "node_modules/debug": {
      "version": "4.1.1",
      "license": "MIT",
      "dependencies": {
        "ms": "^2.1.1"
      }
    },
    "node_modules/directory-tree": {
      "version": "2.3.1",
      "license": "MIT",
      "engines": {
        "node": ">=10.0"
      }
    },
    "node_modules/dot-case": {
      "version": "3.0.4",
      "license": "MIT",
      "dependencies": {
        "no-case": "^3.0.4",
        "tslib": "^2.0.3"
      }
    },
    "node_modules/dot-case/node_modules/tslib": {
      "version": "2.3.1",
      "license": "0BSD"
    },
    "node_modules/find-up": {
      "version": "6.2.0",
      "license": "MIT",
      "dependencies": {
        "locate-path": "^7.0.0",
        "path-exists": "^5.0.0"
      },
      "engines": {
        "node": "^12.20.0 || ^14.13.1 || >=16.0.0"
      },
      "funding": {
        "url": "https://github.com/sponsors/sindresorhus"
      }
    },
    "node_modules/he": {
      "version": "1.2.0",
      "license": "MIT",
      "bin": {
        "he": "bin/he"
      }
    },
    "node_modules/html-minifier-terser": {
      "version": "6.0.2",
      "license": "MIT",
      "dependencies": {
        "camel-case": "^4.1.2",
        "clean-css": "^5.1.5",
        "commander": "^8.1.0",
        "he": "^1.2.0",
        "param-case": "^3.0.4",
        "relateurl": "^0.2.7",
        "terser": "^5.7.2"
      },
      "bin": {
        "html-minifier-terser": "cli.js"
      },
      "engines": {
        "node": ">=12"
      }
    },
    "node_modules/icss-utils": {
      "version": "5.1.0",
      "license": "ISC",
      "engines": {
        "node": "^10 || ^12 || >= 14"
      },
      "peerDependencies": {
        "postcss": "^8.1.0"
      }
    },
    "node_modules/jju": {
      "version": "1.4.0",
      "license": "MIT"
    },
    "node_modules/jquery": {
      "version": "3.6.0",
      "license": "MIT"
    },
    "node_modules/locate-path": {
      "version": "7.0.0",
      "license": "MIT",
      "dependencies": {
        "p-locate": "^6.0.0"
      },
      "engines": {
        "node": "^12.20.0 || ^14.13.1 || >=16.0.0"
      },
      "funding": {
        "url": "https://github.com/sponsors/sindresorhus"
      }
    },
    "node_modules/lower-case": {
      "version": "2.0.2",
      "license": "MIT",
      "dependencies": {
        "tslib": "^2.0.3"
      }
    },
    "node_modules/lower-case/node_modules/tslib": {
      "version": "2.3.1",
      "license": "0BSD"
    },
    "node_modules/lru-cache": {
      "version": "6.0.0",
      "license": "ISC",
      "dependencies": {
        "yallist": "^4.0.0"
      },
      "engines": {
        "node": ">=10"
      }
    },
    "node_modules/minify": {
      "version": "8.0.3",
      "license": "MIT",
      "dependencies": {
        "clean-css": "^5.0.1",
        "css-b64-images": "~0.2.5",
        "debug": "^4.1.0",
        "find-up": "^6.1.0",
        "html-minifier-terser": "^6.0.2",
        "readjson": "^2.2.2",
        "simport": "^1.2.0",
        "terser": "^5.3.2",
        "try-catch": "^3.0.0",
        "try-to-catch": "^3.0.0"
      },
      "bin": {
        "minify": "bin/minify.js"
      },
      "engines": {
        "node": ">=14"
      }
    },
    "node_modules/ms": {
      "version": "2.1.2",
      "license": "MIT"
    },
    "node_modules/nanoid": {
      "version": "3.3.1",
      "license": "MIT",
      "bin": {
        "nanoid": "bin/nanoid.cjs"
      },
      "engines": {
        "node": "^10 || ^12 || ^13.7 || ^14 || >=15.0.1"
      }
    },
    "node_modules/no-case": {
      "version": "3.0.4",
      "license": "MIT",
      "dependencies": {
        "lower-case": "^2.0.2",
        "tslib": "^2.0.3"
      }
    },
    "node_modules/no-case/node_modules/tslib": {
      "version": "2.3.1",
      "license": "0BSD"
    },
    "node_modules/p-limit": {
      "version": "4.0.0",
      "license": "MIT",
      "dependencies": {
        "yocto-queue": "^1.0.0"
      },
      "engines": {
        "node": "^12.20.0 || ^14.13.1 || >=16.0.0"
      },
      "funding": {
        "url": "https://github.com/sponsors/sindresorhus"
      }
    },
    "node_modules/p-locate": {
      "version": "6.0.0",
      "license": "MIT",
      "dependencies": {
        "p-limit": "^4.0.0"
      },
      "engines": {
        "node": "^12.20.0 || ^14.13.1 || >=16.0.0"
      },
      "funding": {
        "url": "https://github.com/sponsors/sindresorhus"
      }
    },
    "node_modules/param-case": {
      "version": "3.0.4",
      "license": "MIT",
      "dependencies": {
        "dot-case": "^3.0.4",
        "tslib": "^2.0.3"
      }
    },
    "node_modules/param-case/node_modules/tslib": {
      "version": "2.3.1",
      "license": "0BSD"
    },
    "node_modules/pascal-case": {
      "version": "3.1.2",
      "license": "MIT",
      "dependencies": {
        "no-case": "^3.0.4",
        "tslib": "^2.0.3"
      }
    },
    "node_modules/pascal-case/node_modules/tslib": {
      "version": "2.3.1",
      "license": "0BSD"
    },
    "node_modules/path-exists": {
      "version": "5.0.0",
      "license": "MIT",
      "engines": {
        "node": "^12.20.0 || ^14.13.1 || >=16.0.0"
      }
    },
    "node_modules/picocolors": {
      "version": "1.0.0",
      "license": "ISC"
    },
    "node_modules/postcss": {
      "version": "8.3.11",
      "license": "MIT",
      "dependencies": {
        "nanoid": "^3.1.30",
        "picocolors": "^1.0.0",
        "source-map-js": "^0.6.2"
      },
      "engines": {
        "node": "^10 || ^12 || >=14"
      },
      "funding": {
        "type": "opencollective",
        "url": "https://opencollective.com/postcss/"
      }
    },
    "node_modules/postcss-modules-extract-imports": {
      "version": "3.0.0",
      "license": "ISC",
      "engines": {
        "node": "^10 || ^12 || >= 14"
      },
      "peerDependencies": {
        "postcss": "^8.1.0"
      }
    },
    "node_modules/postcss-modules-local-by-default": {
      "version": "4.0.0",
      "license": "MIT",
      "dependencies": {
        "icss-utils": "^5.0.0",
        "postcss-selector-parser": "^6.0.2",
        "postcss-value-parser": "^4.1.0"
      },
      "engines": {
        "node": "^10 || ^12 || >= 14"
      },
      "peerDependencies": {
        "postcss": "^8.1.0"
      }
    },
    "node_modules/postcss-modules-scope": {
      "version": "3.0.0",
      "license": "ISC",
      "dependencies": {
        "postcss-selector-parser": "^6.0.4"
      },
      "engines": {
        "node": "^10 || ^12 || >= 14"
      },
      "peerDependencies": {
        "postcss": "^8.1.0"
      }
    },
    "node_modules/postcss-modules-values": {
      "version": "4.0.0",
      "license": "ISC",
      "dependencies": {
        "icss-utils": "^5.0.0"
      },
      "engines": {
        "node": "^10 || ^12 || >= 14"
      },
      "peerDependencies": {
        "postcss": "^8.1.0"
      }
    },
    "node_modules/postcss-selector-parser": {
      "version": "6.0.6",
      "license": "MIT",
      "dependencies": {
        "cssesc": "^3.0.0",
        "util-deprecate": "^1.0.2"
      },
      "engines": {
        "node": ">=4"
      }
    },
    "node_modules/postcss-value-parser": {
      "version": "4.1.0",
      "license": "MIT"
    },
    "node_modules/readjson": {
      "version": "2.2.2",
      "license": "MIT",
      "dependencies": {
        "jju": "^1.4.0",
        "try-catch": "^3.0.0"
      },
      "engines": {
        "node": ">=10"
      }
    },
    "node_modules/relateurl": {
      "version": "0.2.7",
      "license": "MIT",
      "engines": {
        "node": ">= 0.10"
      }
    },
    "node_modules/semver": {
      "version": "7.3.5",
      "license": "ISC",
      "dependencies": {
        "lru-cache": "^6.0.0"
      },
      "bin": {
        "semver": "bin/semver.js"
      },
      "engines": {
        "node": ">=10"
      }
    },
    "node_modules/simport": {
      "version": "1.2.0",
      "license": "MIT",
      "dependencies": {
        "readjson": "^2.2.0",
        "try-to-catch": "^3.0.0"
      },
      "engines": {
        "node": ">=12.2"
      }
    },
    "node_modules/source-map": {
      "version": "0.6.1",
      "license": "BSD-3-Clause",
      "engines": {
        "node": ">=0.10.0"
      }
    },
    "node_modules/source-map-js": {
      "version": "0.6.2",
      "license": "BSD-3-Clause",
      "engines": {
        "node": ">=0.10.0"
      }
    },
    "node_modules/source-map-support": {
      "version": "0.5.20",
      "license": "MIT",
      "dependencies": {
        "buffer-from": "^1.0.0",
        "source-map": "^0.6.0"
      }
    },
    "node_modules/terser": {
      "version": "5.10.0",
      "license": "BSD-2-Clause",
      "dependencies": {
        "commander": "^2.20.0",
        "source-map": "~0.7.2",
        "source-map-support": "~0.5.20"
      },
      "bin": {
        "terser": "bin/terser"
      },
      "engines": {
        "node": ">=10"
      },
      "peerDependencies": {
        "acorn": "^8.5.0"
      },
      "peerDependenciesMeta": {
        "acorn": {
          "optional": true
        }
      }
    },
    "node_modules/terser/node_modules/commander": {
      "version": "2.20.3",
      "license": "MIT"
    },
    "node_modules/terser/node_modules/source-map": {
      "version": "0.7.3",
      "license": "BSD-3-Clause",
      "engines": {
        "node": ">= 8"
      }
    },
    "node_modules/try-catch": {
      "version": "3.0.0",
      "license": "MIT",
      "engines": {
        "node": ">=6"
      }
    },
    "node_modules/try-to-catch": {
      "version": "3.0.0",
      "license": "MIT",
      "engines": {
        "node": ">=6"
      }
    },
    "node_modules/util-deprecate": {
      "version": "1.0.2",
      "license": "MIT"
    },
    "node_modules/yallist": {
      "version": "4.0.0",
      "license": "ISC"
    },
    "node_modules/yocto-queue": {
      "version": "1.0.0",
      "license": "MIT",
      "engines": {
        "node": ">=12.20"
      },
      "funding": {
        "url": "https://github.com/sponsors/sindresorhus"
      }
    }
  },
  "dependencies": {
    "@grame/guidolib": {
      "version": "1.7.3",
      "resolved": "https://registry.npmjs.org/@grame/guidolib/-/guidolib-1.7.3.tgz",
      "integrity": "sha512-V8fazYz5wUaY9t8eL/qcmELdSNqsU7F8dXAV/NX3OPvNXUCCshDCEn/4CE9CVSR41D1bzLysQudAnCruLDM4zg=="
    },
    "@grame/libmusicxml": {
      "version": "3.19.1"
    },
    "@types/codemirror": {
      "version": "5.60.5",
      "requires": {
        "@types/tern": "*"
      }
    },
    "@types/estree": {
      "version": "0.0.50"
    },
    "@types/jquery": {
      "version": "3.5.10",
      "requires": {
        "@types/sizzle": "*"
      }
    },
    "@types/node": {
      "version": "16.11.12"
    },
    "@types/sizzle": {
      "version": "2.3.3"
    },
    "@types/tern": {
      "version": "0.23.3",
      "requires": {
        "@types/estree": "*"
      }
    },
    "bootstrap": {
      "version": "3.4.1"
    },
    "buffer-from": {
      "version": "1.1.2"
    },
    "camel-case": {
      "version": "4.1.2",
      "requires": {
        "pascal-case": "^3.1.2",
        "tslib": "^2.0.3"
      },
      "dependencies": {
        "tslib": {
          "version": "2.3.1"
        }
      }
    },
    "clean-css": {
      "version": "5.2.2",
      "requires": {
        "source-map": "~0.6.0"
      }
    },
    "codemirror": {
      "version": "5.64.0"
    },
    "commander": {
      "version": "8.3.0"
    },
    "css-b64-images": {
      "version": "0.2.5"
    },
    "css-loader": {
      "version": "6.5.1",
      "requires": {
        "icss-utils": "^5.1.0",
        "postcss": "^8.2.15",
        "postcss-modules-extract-imports": "^3.0.0",
        "postcss-modules-local-by-default": "^4.0.0",
        "postcss-modules-scope": "^3.0.0",
        "postcss-modules-values": "^4.0.0",
        "postcss-value-parser": "^4.1.0",
        "semver": "^7.3.5"
      }
    },
    "cssesc": {
      "version": "3.0.0"
    },
    "debug": {
      "version": "4.1.1",
      "requires": {
        "ms": "^2.1.1"
      }
    },
    "directory-tree": {
      "version": "2.3.1"
    },
    "dot-case": {
      "version": "3.0.4",
      "requires": {
        "no-case": "^3.0.4",
        "tslib": "^2.0.3"
      },
      "dependencies": {
        "tslib": {
          "version": "2.3.1"
        }
      }
    },
    "find-up": {
      "version": "6.2.0",
      "requires": {
        "locate-path": "^7.0.0",
        "path-exists": "^5.0.0"
      }
    },
    "he": {
      "version": "1.2.0"
    },
    "html-minifier-terser": {
      "version": "6.0.2",
      "requires": {
        "camel-case": "^4.1.2",
        "clean-css": "^5.1.5",
        "commander": "^8.1.0",
        "he": "^1.2.0",
        "param-case": "^3.0.4",
        "relateurl": "^0.2.7",
        "terser": "^5.7.2"
      }
    },
    "icss-utils": {
      "version": "5.1.0",
      "requires": {}
    },
    "jju": {
      "version": "1.4.0"
    },
    "jquery": {
      "version": "3.6.0"
    },
    "locate-path": {
      "version": "7.0.0",
      "requires": {
        "p-locate": "^6.0.0"
      }
    },
    "lower-case": {
      "version": "2.0.2",
      "requires": {
        "tslib": "^2.0.3"
      },
      "dependencies": {
        "tslib": {
          "version": "2.3.1"
        }
      }
    },
    "lru-cache": {
      "version": "6.0.0",
      "requires": {
        "yallist": "^4.0.0"
      }
    },
    "minify": {
      "version": "8.0.3",
      "requires": {
        "clean-css": "^5.0.1",
        "css-b64-images": "~0.2.5",
        "debug": "^4.1.0",
        "find-up": "^6.1.0",
        "html-minifier-terser": "^6.0.2",
        "readjson": "^2.2.2",
        "simport": "^1.2.0",
        "terser": "^5.3.2",
        "try-catch": "^3.0.0",
        "try-to-catch": "^3.0.0"
      }
    },
    "ms": {
      "version": "2.1.2"
    },
    "nanoid": {
      "version": "3.3.1"
    },
    "no-case": {
      "version": "3.0.4",
      "requires": {
        "lower-case": "^2.0.2",
        "tslib": "^2.0.3"
      },
      "dependencies": {
        "tslib": {
          "version": "2.3.1"
        }
      }
    },
    "p-limit": {
      "version": "4.0.0",
      "requires": {
        "yocto-queue": "^1.0.0"
      }
    },
    "p-locate": {
      "version": "6.0.0",
      "requires": {
        "p-limit": "^4.0.0"
      }
    },
    "param-case": {
      "version": "3.0.4",
      "requires": {
        "dot-case": "^3.0.4",
        "tslib": "^2.0.3"
      },
      "dependencies": {
        "tslib": {
          "version": "2.3.1"
        }
      }
    },
    "pascal-case": {
      "version": "3.1.2",
      "requires": {
        "no-case": "^3.0.4",
        "tslib": "^2.0.3"
      },
      "dependencies": {
        "tslib": {
          "version": "2.3.1"
        }
      }
    },
    "path-exists": {
      "version": "5.0.0"
    },
    "picocolors": {
      "version": "1.0.0"
    },
    "postcss": {
      "version": "8.3.11",
      "requires": {
        "nanoid": "^3.1.30",
        "picocolors": "^1.0.0",
        "source-map-js": "^0.6.2"
      }
    },
    "postcss-modules-extract-imports": {
      "version": "3.0.0",
      "requires": {}
    },
    "postcss-modules-local-by-default": {
      "version": "4.0.0",
      "requires": {
        "icss-utils": "^5.0.0",
        "postcss-selector-parser": "^6.0.2",
        "postcss-value-parser": "^4.1.0"
      }
    },
    "postcss-modules-scope": {
      "version": "3.0.0",
      "requires": {
        "postcss-selector-parser": "^6.0.4"
      }
    },
    "postcss-modules-values": {
      "version": "4.0.0",
      "requires": {
        "icss-utils": "^5.0.0"
      }
    },
    "postcss-selector-parser": {
      "version": "6.0.6",
      "requires": {
        "cssesc": "^3.0.0",
        "util-deprecate": "^1.0.2"
      }
    },
    "postcss-value-parser": {
      "version": "4.1.0"
    },
    "readjson": {
      "version": "2.2.2",
      "requires": {
        "jju": "^1.4.0",
        "try-catch": "^3.0.0"
      }
    },
    "relateurl": {
      "version": "0.2.7"
    },
    "semver": {
      "version": "7.3.5",
      "requires": {
        "lru-cache": "^6.0.0"
      }
    },
    "simport": {
      "version": "1.2.0",
      "requires": {
        "readjson": "^2.2.0",
        "try-to-catch": "^3.0.0"
      }
    },
    "source-map": {
      "version": "0.6.1"
    },
    "source-map-js": {
      "version": "0.6.2"
    },
    "source-map-support": {
      "version": "0.5.20",
      "requires": {
        "buffer-from": "^1.0.0",
        "source-map": "^0.6.0"
      }
    },
    "terser": {
      "version": "5.10.0",
      "requires": {
        "commander": "^2.20.0",
        "source-map": "~0.7.2",
        "source-map-support": "~0.5.20"
      },
      "dependencies": {
        "commander": {
          "version": "2.20.3"
        },
        "source-map": {
          "version": "0.7.3"
        }
      }
    },
    "try-catch": {
      "version": "3.0.0"
    },
    "try-to-catch": {
      "version": "3.0.0"
    },
    "util-deprecate": {
      "version": "1.0.2"
    },
    "yallist": {
      "version": "4.0.0"
    },
    "yocto-queue": {
      "version": "1.0.0"
    }
  }
}
